{
  "version": 4,
  "terraform_version": "1.5.4",
  "serial": 1629,
  "lineage": "4d988cfd-287b-e1ed-813f-ff829e295ff9",
  "outputs": {},
  "resources": [
    {
      "mode": "data",
      "type": "aws_ami",
      "name": "amzlinux2",
      "provider": "provider[\"registry.terraform.io/hashicorp/aws\"]",
      "instances": [
        {
          "schema_version": 0,
          "attributes": {
            "architecture": "x86_64",
            "arn": "arn:aws:ec2:ap-northeast-1::image/ami-0e3ceefc9a200a838",
            "block_device_mappings": [
              {
                "device_name": "/dev/xvda",
                "ebs": {
                  "delete_on_termination": "true",
                  "encrypted": "false",
                  "iops": "0",
                  "snapshot_id": "snap-04104c53b824bbe6f",
                  "throughput": "0",
                  "volume_size": "8",
                  "volume_type": "gp2"
                },
                "no_device": "",
                "virtual_name": ""
              }
            ],
            "boot_mode": "",
            "creation_date": "2023-09-26T17:43:39.000Z",
            "deprecation_time": "2025-07-01T00:00:00.000Z",
            "description": "Amazon Linux 2 AMI 2.0.20230926.0 x86_64 HVM gp2",
            "ena_support": true,
            "executable_users": null,
            "filter": [
              {
                "name": "name",
                "values": [
                  "amzn2-ami-hvm-*-x86_64-gp2"
                ]
              }
            ],
            "hypervisor": "xen",
            "id": "ami-0e3ceefc9a200a838",
            "image_id": "ami-0e3ceefc9a200a838",
            "image_location": "amazon/amzn2-ami-hvm-2.0.20230926.0-x86_64-gp2",
            "image_owner_alias": "amazon",
            "image_type": "machine",
            "imds_support": "",
            "include_deprecated": false,
            "kernel_id": "",
            "most_recent": true,
            "name": "amzn2-ami-hvm-2.0.20230926.0-x86_64-gp2",
            "name_regex": null,
            "owner_id": "137112412989",
            "owners": [
              "amazon"
            ],
            "platform": "",
            "platform_details": "Linux/UNIX",
            "product_codes": [],
            "public": true,
            "ramdisk_id": "",
            "root_device_name": "/dev/xvda",
            "root_device_type": "ebs",
            "root_snapshot_id": "snap-04104c53b824bbe6f",
            "sriov_net_support": "simple",
            "state": "available",
            "state_reason": {
              "code": "UNSET",
              "message": "UNSET"
            },
            "tags": {},
            "timeouts": null,
            "tpm_support": "",
            "usage_operation": "RunInstances",
            "virtualization_type": "hvm"
          },
          "sensitive_attributes": []
        }
      ]
    },
    {
      "mode": "managed",
      "type": "aws_default_security_group",
      "name": "default",
      "provider": "provider[\"registry.terraform.io/hashicorp/aws\"]",
      "instances": [
        {
          "schema_version": 1,
          "attributes": {
            "arn": "arn:aws:ec2:ap-northeast-1:190923163911:security-group/sg-0ace19d8369dbc6ba",
            "description": "default VPC security group",
            "egress": [
              {
                "cidr_blocks": [
                  "0.0.0.0/0"
                ],
                "description": "",
                "from_port": 0,
                "ipv6_cidr_blocks": [
                  "::/0"
                ],
                "prefix_list_ids": [],
                "protocol": "-1",
                "security_groups": [],
                "self": false,
                "to_port": 0
              }
            ],
            "id": "sg-0ace19d8369dbc6ba",
            "ingress": [
              {
                "cidr_blocks": [
                  "0.0.0.0/0"
                ],
                "description": "",
                "from_port": 0,
                "ipv6_cidr_blocks": [
                  "::/0"
                ],
                "prefix_list_ids": [],
                "protocol": "-1",
                "security_groups": [],
                "self": false,
                "to_port": 0
              }
            ],
            "name": "default",
            "name_prefix": "",
            "owner_id": "190923163911",
            "revoke_rules_on_delete": false,
            "tags": null,
            "tags_all": {},
            "vpc_id": "vpc-075e4ef026a7cc18e"
          },
          "sensitive_attributes": [],
          "private": "eyJzY2hlbWFfdmVyc2lvbiI6IjEifQ==",
          "dependencies": [
            "aws_vpc.sample-vpc"
          ]
        }
      ]
    },
    {
      "mode": "managed",
      "type": "aws_eip",
      "name": "elastic-ip-01",
      "provider": "provider[\"registry.terraform.io/hashicorp/aws\"]",
      "instances": [
        {
          "schema_version": 0,
          "attributes": {
            "address": null,
            "allocation_id": "eipalloc-0e6453050becf0465",
            "associate_with_private_ip": null,
            "association_id": "",
            "carrier_ip": "",
            "customer_owned_ip": "",
            "customer_owned_ipv4_pool": "",
            "domain": "vpc",
            "id": "eipalloc-0e6453050becf0465",
            "instance": "",
            "network_border_group": "ap-northeast-1",
            "network_interface": "",
            "private_dns": null,
            "private_ip": "",
            "public_dns": "ec2-13-115-99-198.ap-northeast-1.compute.amazonaws.com",
            "public_ip": "13.115.99.198",
            "public_ipv4_pool": "amazon",
            "tags": null,
            "tags_all": {},
            "timeouts": null,
            "vpc": true
          },
          "sensitive_attributes": [],
          "private": "eyJlMmJmYjczMC1lY2FhLTExZTYtOGY4OC0zNDM2M2JjN2M0YzAiOnsiZGVsZXRlIjoxODAwMDAwMDAwMDAsInJlYWQiOjkwMDAwMDAwMDAwMCwidXBkYXRlIjozMDAwMDAwMDAwMDB9fQ=="
        }
      ]
    },
    {
      "mode": "managed",
      "type": "aws_eip",
      "name": "elastic-ip-02",
      "provider": "provider[\"registry.terraform.io/hashicorp/aws\"]",
      "instances": [
        {
          "schema_version": 0,
          "attributes": {
            "address": null,
            "allocation_id": "eipalloc-0dbf66f188865f6ff",
            "associate_with_private_ip": null,
            "association_id": "",
            "carrier_ip": "",
            "customer_owned_ip": "",
            "customer_owned_ipv4_pool": "",
            "domain": "vpc",
            "id": "eipalloc-0dbf66f188865f6ff",
            "instance": "",
            "network_border_group": "ap-northeast-1",
            "network_interface": "",
            "private_dns": null,
            "private_ip": "",
            "public_dns": "ec2-18-182-108-123.ap-northeast-1.compute.amazonaws.com",
            "public_ip": "18.182.108.123",
            "public_ipv4_pool": "amazon",
            "tags": null,
            "tags_all": {},
            "timeouts": null,
            "vpc": true
          },
          "sensitive_attributes": [],
          "private": "eyJlMmJmYjczMC1lY2FhLTExZTYtOGY4OC0zNDM2M2JjN2M0YzAiOnsiZGVsZXRlIjoxODAwMDAwMDAwMDAsInJlYWQiOjkwMDAwMDAwMDAwMCwidXBkYXRlIjozMDAwMDAwMDAwMDB9fQ=="
        }
      ]
    },
    {
      "mode": "managed",
      "type": "aws_instance",
      "name": "sample-ec2-bastion",
      "provider": "provider[\"registry.terraform.io/hashicorp/aws\"]",
      "instances": [
        {
          "schema_version": 1,
          "attributes": {
            "ami": "ami-0e3ceefc9a200a838",
            "arn": "arn:aws:ec2:ap-northeast-1:190923163911:instance/i-035178fdc54ffa6be",
            "associate_public_ip_address": true,
            "availability_zone": "ap-northeast-1a",
            "capacity_reservation_specification": [
              {
                "capacity_reservation_preference": "open",
                "capacity_reservation_target": []
              }
            ],
            "cpu_core_count": 1,
            "cpu_options": [
              {
                "amd_sev_snp": "",
                "core_count": 1,
                "threads_per_core": 1
              }
            ],
            "cpu_threads_per_core": 1,
            "credit_specification": [
              {
                "cpu_credits": "standard"
              }
            ],
            "disable_api_stop": false,
            "disable_api_termination": false,
            "ebs_block_device": [],
            "ebs_optimized": false,
            "enclave_options": [
              {
                "enabled": false
              }
            ],
            "ephemeral_block_device": [],
            "get_password_data": false,
            "hibernation": false,
            "host_id": "",
            "host_resource_group_arn": null,
            "iam_instance_profile": "",
            "id": "i-035178fdc54ffa6be",
            "instance_initiated_shutdown_behavior": "stop",
            "instance_lifecycle": "",
            "instance_market_options": [],
            "instance_state": "running",
            "instance_type": "t2.micro",
            "ipv6_address_count": 0,
            "ipv6_addresses": [],
            "key_name": "hoge-key",
            "launch_template": [],
            "maintenance_options": [
              {
                "auto_recovery": "default"
              }
            ],
            "metadata_options": [
              {
                "http_endpoint": "enabled",
                "http_protocol_ipv6": "disabled",
                "http_put_response_hop_limit": 1,
                "http_tokens": "optional",
                "instance_metadata_tags": "disabled"
              }
            ],
            "monitoring": false,
            "network_interface": [],
            "outpost_arn": "",
            "password_data": "",
            "placement_group": "",
            "placement_partition_number": 0,
            "primary_network_interface_id": "eni-0a14ac59853f1bd3e",
            "private_dns": "ip-10-0-14-123.ap-northeast-1.compute.internal",
            "private_dns_name_options": [
              {
                "enable_resource_name_dns_a_record": false,
                "enable_resource_name_dns_aaaa_record": false,
                "hostname_type": "ip-name"
              }
            ],
            "private_ip": "10.0.14.123",
            "public_dns": "",
            "public_ip": "18.179.42.162",
            "root_block_device": [
              {
                "delete_on_termination": true,
                "device_name": "/dev/xvda",
                "encrypted": false,
                "iops": 100,
                "kms_key_id": "",
                "tags": {},
                "throughput": 0,
                "volume_id": "vol-072069008a27aab11",
                "volume_size": 8,
                "volume_type": "gp2"
              }
            ],
            "secondary_private_ips": [],
            "security_groups": [
              "sg-086db85ef52a7f0a9",
              "sg-0ace19d8369dbc6ba"
            ],
            "source_dest_check": true,
            "spot_instance_request_id": "",
            "subnet_id": "subnet-0a090441dce2f4753",
            "tags": {
              "Name": "sample-ec2-bastion"
            },
            "tags_all": {
              "Name": "sample-ec2-bastion"
            },
            "tenancy": "default",
            "timeouts": null,
            "user_data": null,
            "user_data_base64": null,
            "user_data_replace_on_change": false,
            "volume_tags": null,
            "vpc_security_group_ids": [
              "sg-086db85ef52a7f0a9",
              "sg-0ace19d8369dbc6ba"
            ]
          },
          "sensitive_attributes": [],
          "private": "eyJlMmJmYjczMC1lY2FhLTExZTYtOGY4OC0zNDM2M2JjN2M0YzAiOnsiY3JlYXRlIjo2MDAwMDAwMDAwMDAsImRlbGV0ZSI6MTIwMDAwMDAwMDAwMCwidXBkYXRlIjo2MDAwMDAwMDAwMDB9LCJzY2hlbWFfdmVyc2lvbiI6IjEifQ==",
          "dependencies": [
            "aws_default_security_group.default",
            "aws_key_pair.key_pair",
            "aws_security_group.sample-sg-bastion-terraform",
            "aws_subnet.sample-subnet-public01",
            "aws_vpc.sample-vpc",
            "data.aws_ami.amzlinux2",
            "tls_private_key.keygen"
          ]
        }
      ]
    },
    {
      "mode": "managed",
      "type": "aws_instance",
      "name": "sample-ec2-web01",
      "provider": "provider[\"registry.terraform.io/hashicorp/aws\"]",
      "instances": [
        {
          "schema_version": 1,
          "attributes": {
            "ami": "ami-0e3ceefc9a200a838",
            "arn": "arn:aws:ec2:ap-northeast-1:190923163911:instance/i-0da21247d89ff85fc",
            "associate_public_ip_address": false,
            "availability_zone": "ap-northeast-1a",
            "capacity_reservation_specification": [
              {
                "capacity_reservation_preference": "open",
                "capacity_reservation_target": []
              }
            ],
            "cpu_core_count": 1,
            "cpu_options": [
              {
                "amd_sev_snp": "",
                "core_count": 1,
                "threads_per_core": 1
              }
            ],
            "cpu_threads_per_core": 1,
            "credit_specification": [
              {
                "cpu_credits": "standard"
              }
            ],
            "disable_api_stop": false,
            "disable_api_termination": false,
            "ebs_block_device": [],
            "ebs_optimized": false,
            "enclave_options": [
              {
                "enabled": false
              }
            ],
            "ephemeral_block_device": [],
            "get_password_data": false,
            "hibernation": false,
            "host_id": "",
            "host_resource_group_arn": null,
            "iam_instance_profile": "",
            "id": "i-0da21247d89ff85fc",
            "instance_initiated_shutdown_behavior": "stop",
            "instance_lifecycle": "",
            "instance_market_options": [],
            "instance_state": "running",
            "instance_type": "t2.micro",
            "ipv6_address_count": 0,
            "ipv6_addresses": [],
            "key_name": "hoge-key",
            "launch_template": [],
            "maintenance_options": [
              {
                "auto_recovery": "default"
              }
            ],
            "metadata_options": [
              {
                "http_endpoint": "enabled",
                "http_protocol_ipv6": "disabled",
                "http_put_response_hop_limit": 1,
                "http_tokens": "optional",
                "instance_metadata_tags": "disabled"
              }
            ],
            "monitoring": false,
            "network_interface": [],
            "outpost_arn": "",
            "password_data": "",
            "placement_group": "",
            "placement_partition_number": 0,
            "primary_network_interface_id": "eni-058b67f70d746eb41",
            "private_dns": "ip-10-0-77-205.ap-northeast-1.compute.internal",
            "private_dns_name_options": [
              {
                "enable_resource_name_dns_a_record": false,
                "enable_resource_name_dns_aaaa_record": false,
                "hostname_type": "ip-name"
              }
            ],
            "private_ip": "10.0.77.205",
            "public_dns": "",
            "public_ip": "",
            "root_block_device": [
              {
                "delete_on_termination": true,
                "device_name": "/dev/xvda",
                "encrypted": false,
                "iops": 100,
                "kms_key_id": "",
                "tags": {},
                "throughput": 0,
                "volume_id": "vol-0f54c9b69562cf753",
                "volume_size": 8,
                "volume_type": "gp2"
              }
            ],
            "secondary_private_ips": [],
            "security_groups": [
              "sg-086db85ef52a7f0a9",
              "sg-0ace19d8369dbc6ba"
            ],
            "source_dest_check": true,
            "spot_instance_request_id": "",
            "subnet_id": "subnet-0b0d87aa44868a029",
            "tags": {
              "Name": "sample-ec2-web01"
            },
            "tags_all": {
              "Name": "sample-ec2-web01"
            },
            "tenancy": "default",
            "timeouts": null,
            "user_data": null,
            "user_data_base64": null,
            "user_data_replace_on_change": false,
            "volume_tags": null,
            "vpc_security_group_ids": [
              "sg-086db85ef52a7f0a9",
              "sg-0ace19d8369dbc6ba"
            ]
          },
          "sensitive_attributes": [],
          "private": "eyJlMmJmYjczMC1lY2FhLTExZTYtOGY4OC0zNDM2M2JjN2M0YzAiOnsiY3JlYXRlIjo2MDAwMDAwMDAwMDAsImRlbGV0ZSI6MTIwMDAwMDAwMDAwMCwidXBkYXRlIjo2MDAwMDAwMDAwMDB9LCJzY2hlbWFfdmVyc2lvbiI6IjEifQ==",
          "dependencies": [
            "aws_default_security_group.default",
            "aws_key_pair.key_pair",
            "aws_security_group.sample-sg-bastion-terraform",
            "aws_subnet.sample-subnet-private01",
            "aws_vpc.sample-vpc",
            "data.aws_ami.amzlinux2",
            "tls_private_key.keygen"
          ]
        }
      ]
    },
    {
      "mode": "managed",
      "type": "aws_instance",
      "name": "sample-ec2-web02",
      "provider": "provider[\"registry.terraform.io/hashicorp/aws\"]",
      "instances": [
        {
          "schema_version": 1,
          "attributes": {
            "ami": "ami-0e3ceefc9a200a838",
            "arn": "arn:aws:ec2:ap-northeast-1:190923163911:instance/i-0a0be9cb0369b7ec0",
            "associate_public_ip_address": false,
            "availability_zone": "ap-northeast-1c",
            "capacity_reservation_specification": [
              {
                "capacity_reservation_preference": "open",
                "capacity_reservation_target": []
              }
            ],
            "cpu_core_count": 1,
            "cpu_options": [
              {
                "amd_sev_snp": "",
                "core_count": 1,
                "threads_per_core": 1
              }
            ],
            "cpu_threads_per_core": 1,
            "credit_specification": [
              {
                "cpu_credits": "standard"
              }
            ],
            "disable_api_stop": false,
            "disable_api_termination": false,
            "ebs_block_device": [],
            "ebs_optimized": false,
            "enclave_options": [
              {
                "enabled": false
              }
            ],
            "ephemeral_block_device": [],
            "get_password_data": false,
            "hibernation": false,
            "host_id": "",
            "host_resource_group_arn": null,
            "iam_instance_profile": "",
            "id": "i-0a0be9cb0369b7ec0",
            "instance_initiated_shutdown_behavior": "stop",
            "instance_lifecycle": "",
            "instance_market_options": [],
            "instance_state": "running",
            "instance_type": "t2.micro",
            "ipv6_address_count": 0,
            "ipv6_addresses": [],
            "key_name": "hoge-key",
            "launch_template": [],
            "maintenance_options": [
              {
                "auto_recovery": "default"
              }
            ],
            "metadata_options": [
              {
                "http_endpoint": "enabled",
                "http_protocol_ipv6": "disabled",
                "http_put_response_hop_limit": 1,
                "http_tokens": "optional",
                "instance_metadata_tags": "disabled"
              }
            ],
            "monitoring": false,
            "network_interface": [],
            "outpost_arn": "",
            "password_data": "",
            "placement_group": "",
            "placement_partition_number": 0,
            "primary_network_interface_id": "eni-081c712754413d30d",
            "private_dns": "ip-10-0-95-166.ap-northeast-1.compute.internal",
            "private_dns_name_options": [
              {
                "enable_resource_name_dns_a_record": false,
                "enable_resource_name_dns_aaaa_record": false,
                "hostname_type": "ip-name"
              }
            ],
            "private_ip": "10.0.95.166",
            "public_dns": "",
            "public_ip": "",
            "root_block_device": [
              {
                "delete_on_termination": true,
                "device_name": "/dev/xvda",
                "encrypted": false,
                "iops": 100,
                "kms_key_id": "",
                "tags": {},
                "throughput": 0,
                "volume_id": "vol-0b778d113d4e4954b",
                "volume_size": 8,
                "volume_type": "gp2"
              }
            ],
            "secondary_private_ips": [],
            "security_groups": [
              "sg-0ace19d8369dbc6ba"
            ],
            "source_dest_check": true,
            "spot_instance_request_id": "",
            "subnet_id": "subnet-0aaa93ff8e2ed1f34",
            "tags": {
              "Name": "sample-ec2-web02"
            },
            "tags_all": {
              "Name": "sample-ec2-web02"
            },
            "tenancy": "default",
            "timeouts": null,
            "user_data": null,
            "user_data_base64": null,
            "user_data_replace_on_change": false,
            "volume_tags": null,
            "vpc_security_group_ids": [
              "sg-0ace19d8369dbc6ba"
            ]
          },
          "sensitive_attributes": [],
          "private": "eyJlMmJmYjczMC1lY2FhLTExZTYtOGY4OC0zNDM2M2JjN2M0YzAiOnsiY3JlYXRlIjo2MDAwMDAwMDAwMDAsImRlbGV0ZSI6MTIwMDAwMDAwMDAwMCwidXBkYXRlIjo2MDAwMDAwMDAwMDB9LCJzY2hlbWFfdmVyc2lvbiI6IjEifQ==",
          "dependencies": [
            "aws_default_security_group.default",
            "aws_key_pair.key_pair",
            "aws_subnet.sample-subnet-private02",
            "aws_vpc.sample-vpc",
            "data.aws_ami.amzlinux2",
            "tls_private_key.keygen"
          ]
        }
      ]
    },
    {
      "mode": "managed",
      "type": "aws_internet_gateway",
      "name": "gw",
      "provider": "provider[\"registry.terraform.io/hashicorp/aws\"]",
      "instances": [
        {
          "schema_version": 0,
          "attributes": {
            "arn": "arn:aws:ec2:ap-northeast-1:190923163911:internet-gateway/igw-02bf5cbc3a346bd37",
            "id": "igw-02bf5cbc3a346bd37",
            "owner_id": "190923163911",
            "tags": {
              "Name": "sample-igw"
            },
            "tags_all": {
              "Name": "sample-igw"
            },
            "timeouts": null,
            "vpc_id": "vpc-075e4ef026a7cc18e"
          },
          "sensitive_attributes": [],
          "private": "eyJlMmJmYjczMC1lY2FhLTExZTYtOGY4OC0zNDM2M2JjN2M0YzAiOnsiY3JlYXRlIjoxMjAwMDAwMDAwMDAwLCJkZWxldGUiOjEyMDAwMDAwMDAwMDAsInVwZGF0ZSI6MTIwMDAwMDAwMDAwMH19",
          "dependencies": [
            "aws_vpc.sample-vpc"
          ]
        }
      ]
    },
    {
      "mode": "managed",
      "type": "aws_key_pair",
      "name": "key_pair",
      "provider": "provider[\"registry.terraform.io/hashicorp/aws\"]",
      "instances": [
        {
          "schema_version": 1,
          "attributes": {
            "arn": "arn:aws:ec2:ap-northeast-1:190923163911:key-pair/hoge-key",
            "fingerprint": "0b:8c:40:29:5a:7f:7d:9a:74:2f:bc:de:26:8c:f7:06",
            "id": "hoge-key",
            "key_name": "hoge-key",
            "key_name_prefix": "",
            "key_pair_id": "key-0e0f4e4bd43c8ea50",
            "key_type": "rsa",
            "public_key": "ssh-rsa AAAAB3NzaC1yc2EAAAADAQABAAABAQDGyu7Q8fBsEAV6J+KIJzfXLsDOCSZV0R6kY+GWzpHIeUJt9i9hub3xZf6oZwaasYsNn0OfuonvqGnAs08WFmxC6RHoxWX0y3jfzpxnnurTGsPnFV0Rr5TZmhqiEkwR2n/huYofmgPSUC4qmI5gNISZmZqQFDLBsfE5K0KNipRjhqCNhfaZTvXAJ0bLOS4hoFaHhYmZsJtwVYNmvXoHedWGa+6MRGn66QAcUsCSwCg1pqX283tolEWYOHS3VCDS0qk9LmpAaAXrFUxqxCZ7ged8iqJmwpJeHQuDa8vDQbFOxUh8aUDOoMR+JP5RpVeiaNTxJy8fwzupv3Efs0W92nVt",
            "tags": null,
            "tags_all": {}
          },
          "sensitive_attributes": [],
          "private": "eyJzY2hlbWFfdmVyc2lvbiI6IjEifQ==",
          "dependencies": [
            "tls_private_key.keygen"
          ]
        }
      ]
    },
    {
      "mode": "managed",
      "type": "aws_lb",
      "name": "sample-elb-terraform",
      "provider": "provider[\"registry.terraform.io/hashicorp/aws\"]",
      "instances": [
        {
          "schema_version": 0,
          "attributes": {
            "access_logs": [
              {
                "bucket": "",
                "enabled": false,
                "prefix": ""
              }
            ],
            "arn": "arn:aws:elasticloadbalancing:ap-northeast-1:190923163911:loadbalancer/app/sample-elb-terraform/08804b88988f5a45",
            "arn_suffix": "app/sample-elb-terraform/08804b88988f5a45",
            "customer_owned_ipv4_pool": "",
            "desync_mitigation_mode": "defensive",
            "dns_name": "sample-elb-terraform-1221099061.ap-northeast-1.elb.amazonaws.com",
            "drop_invalid_header_fields": false,
            "enable_cross_zone_load_balancing": true,
            "enable_deletion_protection": false,
            "enable_http2": true,
            "enable_tls_version_and_cipher_suite_headers": false,
            "enable_waf_fail_open": false,
            "enable_xff_client_port": false,
            "id": "arn:aws:elasticloadbalancing:ap-northeast-1:190923163911:loadbalancer/app/sample-elb-terraform/08804b88988f5a45",
            "idle_timeout": 60,
            "internal": false,
            "ip_address_type": "ipv4",
            "load_balancer_type": "application",
            "name": "sample-elb-terraform",
            "name_prefix": null,
            "preserve_host_header": false,
            "security_groups": [
              "sg-0ace19d8369dbc6ba",
              "sg-0c6b51695b2afa9bd"
            ],
            "subnet_mapping": [
              {
                "allocation_id": "",
                "ipv6_address": "",
                "outpost_id": "",
                "private_ipv4_address": "",
                "subnet_id": "subnet-0a090441dce2f4753"
              },
              {
                "allocation_id": "",
                "ipv6_address": "",
                "outpost_id": "",
                "private_ipv4_address": "",
                "subnet_id": "subnet-0b64c7ef3ac73e833"
              }
            ],
            "subnets": [
              "subnet-0a090441dce2f4753",
              "subnet-0b64c7ef3ac73e833"
            ],
            "tags": null,
            "tags_all": {},
            "timeouts": null,
            "vpc_id": "vpc-075e4ef026a7cc18e",
            "xff_header_processing_mode": "append",
            "zone_id": "Z14GRHDCWA56QT"
          },
          "sensitive_attributes": [],
          "private": "eyJlMmJmYjczMC1lY2FhLTExZTYtOGY4OC0zNDM2M2JjN2M0YzAiOnsiY3JlYXRlIjo2MDAwMDAwMDAwMDAsImRlbGV0ZSI6NjAwMDAwMDAwMDAwLCJ1cGRhdGUiOjYwMDAwMDAwMDAwMH19",
          "dependencies": [
            "aws_default_security_group.default",
            "aws_security_group.sample-sg-elb-terraform",
            "aws_subnet.sample-subnet-public01",
            "aws_subnet.sample-subnet-public02",
            "aws_vpc.sample-vpc"
          ]
        }
      ]
    },
    {
      "mode": "managed",
      "type": "aws_lb_listener",
      "name": "sample-tg",
      "provider": "provider[\"registry.terraform.io/hashicorp/aws\"]",
      "instances": [
        {
          "schema_version": 0,
          "attributes": {
            "alpn_policy": null,
            "arn": "arn:aws:elasticloadbalancing:ap-northeast-1:190923163911:listener/app/sample-elb-terraform/08804b88988f5a45/14ce38f09d69e94d",
            "certificate_arn": null,
            "default_action": [
              {
                "authenticate_cognito": [],
                "authenticate_oidc": [],
                "fixed_response": [],
                "forward": [],
                "order": 1,
                "redirect": [],
                "target_group_arn": "arn:aws:elasticloadbalancing:ap-northeast-1:190923163911:targetgroup/sample-tg-terraform/b1bd98e5cc1ff3f7",
                "type": "forward"
              }
            ],
            "id": "arn:aws:elasticloadbalancing:ap-northeast-1:190923163911:listener/app/sample-elb-terraform/08804b88988f5a45/14ce38f09d69e94d",
            "load_balancer_arn": "arn:aws:elasticloadbalancing:ap-northeast-1:190923163911:loadbalancer/app/sample-elb-terraform/08804b88988f5a45",
            "port": 80,
            "protocol": "HTTP",
            "ssl_policy": "",
            "tags": null,
            "tags_all": {},
            "timeouts": null
          },
          "sensitive_attributes": [],
          "private": "eyJlMmJmYjczMC1lY2FhLTExZTYtOGY4OC0zNDM2M2JjN2M0YzAiOnsicmVhZCI6NjAwMDAwMDAwMDAwfX0=",
          "dependencies": [
            "aws_default_security_group.default",
            "aws_lb.sample-elb-terraform",
            "aws_lb_target_group.sample-tg-terraform",
            "aws_security_group.sample-sg-elb-terraform",
            "aws_subnet.sample-subnet-public01",
            "aws_subnet.sample-subnet-public02",
            "aws_vpc.sample-vpc"
          ]
        }
      ]
    },
    {
      "mode": "managed",
      "type": "aws_lb_target_group",
      "name": "sample-tg-terraform",
      "provider": "provider[\"registry.terraform.io/hashicorp/aws\"]",
      "instances": [
        {
          "schema_version": 0,
          "attributes": {
            "arn": "arn:aws:elasticloadbalancing:ap-northeast-1:190923163911:targetgroup/sample-tg-terraform/b1bd98e5cc1ff3f7",
            "arn_suffix": "targetgroup/sample-tg-terraform/b1bd98e5cc1ff3f7",
            "connection_termination": false,
            "deregistration_delay": "300",
            "health_check": [
              {
                "enabled": true,
                "healthy_threshold": 5,
                "interval": 30,
                "matcher": "200",
                "path": "/",
                "port": "traffic-port",
                "protocol": "HTTP",
                "timeout": 5,
                "unhealthy_threshold": 2
              }
            ],
            "id": "arn:aws:elasticloadbalancing:ap-northeast-1:190923163911:targetgroup/sample-tg-terraform/b1bd98e5cc1ff3f7",
            "ip_address_type": "ipv4",
            "lambda_multi_value_headers_enabled": false,
            "load_balancing_algorithm_type": "round_robin",
            "load_balancing_cross_zone_enabled": "use_load_balancer_configuration",
            "name": "sample-tg-terraform",
            "name_prefix": null,
            "port": 3000,
            "preserve_client_ip": null,
            "protocol": "HTTP",
            "protocol_version": "HTTP1",
            "proxy_protocol_v2": false,
            "slow_start": 0,
            "stickiness": [
              {
                "cookie_duration": 86400,
                "cookie_name": "",
                "enabled": false,
                "type": "lb_cookie"
              }
            ],
            "tags": null,
            "tags_all": {},
            "target_failover": [
              {
                "on_deregistration": null,
                "on_unhealthy": null
              }
            ],
            "target_type": "instance",
            "vpc_id": "vpc-075e4ef026a7cc18e"
          },
          "sensitive_attributes": [],
          "private": "bnVsbA==",
          "dependencies": [
            "aws_vpc.sample-vpc"
          ]
        }
      ]
    },
    {
      "mode": "managed",
      "type": "aws_lb_target_group_attachment",
      "name": "sample-target_ec01",
      "provider": "provider[\"registry.terraform.io/hashicorp/aws\"]",
      "instances": [
        {
          "schema_version": 0,
          "attributes": {
            "availability_zone": null,
            "id": "arn:aws:elasticloadbalancing:ap-northeast-1:190923163911:targetgroup/sample-tg-terraform/b1bd98e5cc1ff3f7-20231010134308876100000008",
            "port": null,
            "target_group_arn": "arn:aws:elasticloadbalancing:ap-northeast-1:190923163911:targetgroup/sample-tg-terraform/b1bd98e5cc1ff3f7",
            "target_id": "i-0da21247d89ff85fc"
          },
          "sensitive_attributes": [],
          "private": "bnVsbA==",
          "dependencies": [
            "aws_default_security_group.default",
            "aws_instance.sample-ec2-web01",
            "aws_key_pair.key_pair",
            "aws_lb_target_group.sample-tg-terraform",
            "aws_security_group.sample-sg-bastion-terraform",
            "aws_subnet.sample-subnet-private01",
            "aws_vpc.sample-vpc",
            "data.aws_ami.amzlinux2",
            "tls_private_key.keygen"
          ]
        }
      ]
    },
    {
      "mode": "managed",
      "type": "aws_lb_target_group_attachment",
      "name": "sample-target_ec02",
      "provider": "provider[\"registry.terraform.io/hashicorp/aws\"]",
      "instances": [
        {
          "schema_version": 0,
          "attributes": {
            "availability_zone": null,
            "id": "arn:aws:elasticloadbalancing:ap-northeast-1:190923163911:targetgroup/sample-tg-terraform/b1bd98e5cc1ff3f7-20231010134308679700000007",
            "port": null,
            "target_group_arn": "arn:aws:elasticloadbalancing:ap-northeast-1:190923163911:targetgroup/sample-tg-terraform/b1bd98e5cc1ff3f7",
            "target_id": "i-0a0be9cb0369b7ec0"
          },
          "sensitive_attributes": [],
          "private": "bnVsbA==",
          "dependencies": [
            "aws_default_security_group.default",
            "aws_instance.sample-ec2-web02",
            "aws_key_pair.key_pair",
            "aws_lb_target_group.sample-tg-terraform",
            "aws_subnet.sample-subnet-private02",
            "aws_vpc.sample-vpc",
            "data.aws_ami.amzlinux2",
            "tls_private_key.keygen"
          ]
        }
      ]
    },
    {
      "mode": "managed",
      "type": "aws_nat_gateway",
      "name": "sample-ngw-01",
      "provider": "provider[\"registry.terraform.io/hashicorp/aws\"]",
      "instances": [
        {
          "schema_version": 0,
          "attributes": {
            "allocation_id": "eipalloc-0e6453050becf0465",
            "association_id": "eipassoc-079c5da7368b40d16",
            "connectivity_type": "public",
            "id": "nat-0a9f0550f609b192d",
            "network_interface_id": "eni-0a49e56fea3e7181a",
            "private_ip": "10.0.11.11",
            "public_ip": "13.115.99.198",
            "secondary_allocation_ids": null,
            "secondary_private_ip_address_count": 0,
            "secondary_private_ip_addresses": [],
            "subnet_id": "subnet-0a090441dce2f4753",
            "tags": {
              "Name": "sample-ngw-01"
            },
            "tags_all": {
              "Name": "sample-ngw-01"
            },
            "timeouts": null
          },
          "sensitive_attributes": [],
          "private": "eyJlMmJmYjczMC1lY2FhLTExZTYtOGY4OC0zNDM2M2JjN2M0YzAiOnsiY3JlYXRlIjo2MDAwMDAwMDAwMDAsImRlbGV0ZSI6MTgwMDAwMDAwMDAwMCwidXBkYXRlIjo2MDAwMDAwMDAwMDB9fQ==",
          "dependencies": [
            "aws_eip.elastic-ip-01",
            "aws_subnet.sample-subnet-public01",
            "aws_vpc.sample-vpc"
          ]
        }
      ]
    },
    {
      "mode": "managed",
      "type": "aws_nat_gateway",
      "name": "sample-ngw-02",
      "provider": "provider[\"registry.terraform.io/hashicorp/aws\"]",
      "instances": [
        {
          "schema_version": 0,
          "attributes": {
            "allocation_id": "eipalloc-0dbf66f188865f6ff",
            "association_id": "eipassoc-07234f0117dd57f69",
            "connectivity_type": "public",
            "id": "nat-0bfb036ae6585a4bf",
            "network_interface_id": "eni-00ef0be5ba2dae628",
            "private_ip": "10.0.20.14",
            "public_ip": "18.182.108.123",
            "secondary_allocation_ids": null,
            "secondary_private_ip_address_count": 0,
            "secondary_private_ip_addresses": [],
            "subnet_id": "subnet-0b64c7ef3ac73e833",
            "tags": {
              "Name": "sample-ngw-02"
            },
            "tags_all": {
              "Name": "sample-ngw-02"
            },
            "timeouts": null
          },
          "sensitive_attributes": [],
          "private": "eyJlMmJmYjczMC1lY2FhLTExZTYtOGY4OC0zNDM2M2JjN2M0YzAiOnsiY3JlYXRlIjo2MDAwMDAwMDAwMDAsImRlbGV0ZSI6MTgwMDAwMDAwMDAwMCwidXBkYXRlIjo2MDAwMDAwMDAwMDB9fQ==",
          "dependencies": [
            "aws_eip.elastic-ip-02",
            "aws_subnet.sample-subnet-public02",
            "aws_vpc.sample-vpc"
          ]
        }
      ]
    },
    {
      "mode": "managed",
      "type": "aws_route_table",
      "name": "sample-rtb-private01",
      "provider": "provider[\"registry.terraform.io/hashicorp/aws\"]",
      "instances": [
        {
          "schema_version": 0,
          "attributes": {
            "arn": "arn:aws:ec2:ap-northeast-1:190923163911:route-table/rtb-05abaae4d0c70a615",
            "id": "rtb-05abaae4d0c70a615",
            "owner_id": "190923163911",
            "propagating_vgws": [],
            "route": [
              {
                "carrier_gateway_id": "",
                "cidr_block": "0.0.0.0/0",
                "core_network_arn": "",
                "destination_prefix_list_id": "",
                "egress_only_gateway_id": "",
                "gateway_id": "",
                "ipv6_cidr_block": "",
                "local_gateway_id": "",
                "nat_gateway_id": "nat-0a9f0550f609b192d",
                "network_interface_id": "",
                "transit_gateway_id": "",
                "vpc_endpoint_id": "",
                "vpc_peering_connection_id": ""
              },
              {
                "carrier_gateway_id": "",
                "cidr_block": "10.0.0.0/16",
                "core_network_arn": "",
                "destination_prefix_list_id": "",
                "egress_only_gateway_id": "",
                "gateway_id": "local",
                "ipv6_cidr_block": "",
                "local_gateway_id": "",
                "nat_gateway_id": "",
                "network_interface_id": "",
                "transit_gateway_id": "",
                "vpc_endpoint_id": "",
                "vpc_peering_connection_id": ""
              }
            ],
            "tags": {
              "Name": "sample-rtb-private01"
            },
            "tags_all": {
              "Name": "sample-rtb-private01"
            },
            "timeouts": null,
            "vpc_id": "vpc-075e4ef026a7cc18e"
          },
          "sensitive_attributes": [],
          "private": "eyJlMmJmYjczMC1lY2FhLTExZTYtOGY4OC0zNDM2M2JjN2M0YzAiOnsiY3JlYXRlIjozMDAwMDAwMDAwMDAsImRlbGV0ZSI6MzAwMDAwMDAwMDAwLCJ1cGRhdGUiOjEyMDAwMDAwMDAwMH19",
          "dependencies": [
            "aws_eip.elastic-ip-01",
            "aws_nat_gateway.sample-ngw-01",
            "aws_subnet.sample-subnet-public01",
            "aws_vpc.sample-vpc"
          ]
        }
      ]
    },
    {
      "mode": "managed",
      "type": "aws_route_table",
      "name": "sample-rtb-private02",
      "provider": "provider[\"registry.terraform.io/hashicorp/aws\"]",
      "instances": [
        {
          "schema_version": 0,
          "attributes": {
            "arn": "arn:aws:ec2:ap-northeast-1:190923163911:route-table/rtb-0ce240cd046e5d749",
            "id": "rtb-0ce240cd046e5d749",
            "owner_id": "190923163911",
            "propagating_vgws": [],
            "route": [
              {
                "carrier_gateway_id": "",
                "cidr_block": "0.0.0.0/0",
                "core_network_arn": "",
                "destination_prefix_list_id": "",
                "egress_only_gateway_id": "",
                "gateway_id": "",
                "ipv6_cidr_block": "",
                "local_gateway_id": "",
                "nat_gateway_id": "nat-0bfb036ae6585a4bf",
                "network_interface_id": "",
                "transit_gateway_id": "",
                "vpc_endpoint_id": "",
                "vpc_peering_connection_id": ""
              },
              {
                "carrier_gateway_id": "",
                "cidr_block": "10.0.0.0/16",
                "core_network_arn": "",
                "destination_prefix_list_id": "",
                "egress_only_gateway_id": "",
                "gateway_id": "local",
                "ipv6_cidr_block": "",
                "local_gateway_id": "",
                "nat_gateway_id": "",
                "network_interface_id": "",
                "transit_gateway_id": "",
                "vpc_endpoint_id": "",
                "vpc_peering_connection_id": ""
              }
            ],
            "tags": {
              "Name": "sample-rtb-private02"
            },
            "tags_all": {
              "Name": "sample-rtb-private02"
            },
            "timeouts": null,
            "vpc_id": "vpc-075e4ef026a7cc18e"
          },
          "sensitive_attributes": [],
          "private": "eyJlMmJmYjczMC1lY2FhLTExZTYtOGY4OC0zNDM2M2JjN2M0YzAiOnsiY3JlYXRlIjozMDAwMDAwMDAwMDAsImRlbGV0ZSI6MzAwMDAwMDAwMDAwLCJ1cGRhdGUiOjEyMDAwMDAwMDAwMH19",
          "dependencies": [
            "aws_eip.elastic-ip-02",
            "aws_nat_gateway.sample-ngw-02",
            "aws_subnet.sample-subnet-public02",
            "aws_vpc.sample-vpc"
          ]
        }
      ]
    },
    {
      "mode": "managed",
      "type": "aws_route_table",
      "name": "sample-rtb-public",
      "provider": "provider[\"registry.terraform.io/hashicorp/aws\"]",
      "instances": [
        {
          "schema_version": 0,
          "attributes": {
            "arn": "arn:aws:ec2:ap-northeast-1:190923163911:route-table/rtb-06dccd6f2073f7bbc",
            "id": "rtb-06dccd6f2073f7bbc",
            "owner_id": "190923163911",
            "propagating_vgws": [],
            "route": [
              {
                "carrier_gateway_id": "",
                "cidr_block": "0.0.0.0/0",
                "core_network_arn": "",
                "destination_prefix_list_id": "",
                "egress_only_gateway_id": "",
                "gateway_id": "igw-02bf5cbc3a346bd37",
                "ipv6_cidr_block": "",
                "local_gateway_id": "",
                "nat_gateway_id": "",
                "network_interface_id": "",
                "transit_gateway_id": "",
                "vpc_endpoint_id": "",
                "vpc_peering_connection_id": ""
              },
              {
                "carrier_gateway_id": "",
                "cidr_block": "10.0.0.0/16",
                "core_network_arn": "",
                "destination_prefix_list_id": "",
                "egress_only_gateway_id": "",
                "gateway_id": "local",
                "ipv6_cidr_block": "",
                "local_gateway_id": "",
                "nat_gateway_id": "",
                "network_interface_id": "",
                "transit_gateway_id": "",
                "vpc_endpoint_id": "",
                "vpc_peering_connection_id": ""
              }
            ],
            "tags": {
              "Name": "sample-rtb-public"
            },
            "tags_all": {
              "Name": "sample-rtb-public"
            },
            "timeouts": null,
            "vpc_id": "vpc-075e4ef026a7cc18e"
          },
          "sensitive_attributes": [],
          "private": "eyJlMmJmYjczMC1lY2FhLTExZTYtOGY4OC0zNDM2M2JjN2M0YzAiOnsiY3JlYXRlIjozMDAwMDAwMDAwMDAsImRlbGV0ZSI6MzAwMDAwMDAwMDAwLCJ1cGRhdGUiOjEyMDAwMDAwMDAwMH19",
          "dependencies": [
            "aws_internet_gateway.gw",
            "aws_vpc.sample-vpc"
          ]
        }
      ]
    },
    {
      "mode": "managed",
      "type": "aws_route_table_association",
      "name": "relate-private-route-table1",
      "provider": "provider[\"registry.terraform.io/hashicorp/aws\"]",
      "instances": [
        {
          "schema_version": 0,
          "attributes": {
            "gateway_id": "",
            "id": "rtbassoc-0fee0b142cc55c60f",
            "route_table_id": "rtb-05abaae4d0c70a615",
            "subnet_id": "subnet-0b0d87aa44868a029",
            "timeouts": null
          },
          "sensitive_attributes": [],
          "private": "eyJlMmJmYjczMC1lY2FhLTExZTYtOGY4OC0zNDM2M2JjN2M0YzAiOnsiY3JlYXRlIjozMDAwMDAwMDAwMDAsImRlbGV0ZSI6MzAwMDAwMDAwMDAwLCJ1cGRhdGUiOjEyMDAwMDAwMDAwMH19",
          "dependencies": [
            "aws_eip.elastic-ip-01",
            "aws_nat_gateway.sample-ngw-01",
            "aws_route_table.sample-rtb-private01",
            "aws_subnet.sample-subnet-private01",
            "aws_subnet.sample-subnet-public01",
            "aws_vpc.sample-vpc"
          ]
        }
      ]
    },
    {
      "mode": "managed",
      "type": "aws_route_table_association",
      "name": "relate-private-route-table2",
      "provider": "provider[\"registry.terraform.io/hashicorp/aws\"]",
      "instances": [
        {
          "schema_version": 0,
          "attributes": {
            "gateway_id": "",
            "id": "rtbassoc-0b5e24fac587299d3",
            "route_table_id": "rtb-0ce240cd046e5d749",
            "subnet_id": "subnet-0aaa93ff8e2ed1f34",
            "timeouts": null
          },
          "sensitive_attributes": [],
          "private": "eyJlMmJmYjczMC1lY2FhLTExZTYtOGY4OC0zNDM2M2JjN2M0YzAiOnsiY3JlYXRlIjozMDAwMDAwMDAwMDAsImRlbGV0ZSI6MzAwMDAwMDAwMDAwLCJ1cGRhdGUiOjEyMDAwMDAwMDAwMH19",
          "dependencies": [
            "aws_eip.elastic-ip-02",
            "aws_nat_gateway.sample-ngw-02",
            "aws_route_table.sample-rtb-private02",
            "aws_subnet.sample-subnet-private02",
            "aws_subnet.sample-subnet-public02",
            "aws_vpc.sample-vpc"
          ]
        }
      ]
    },
    {
      "mode": "managed",
      "type": "aws_route_table_association",
      "name": "relate-public-route-table1",
      "provider": "provider[\"registry.terraform.io/hashicorp/aws\"]",
      "instances": [
        {
          "schema_version": 0,
          "attributes": {
            "gateway_id": "",
            "id": "rtbassoc-084daa721cb621237",
            "route_table_id": "rtb-06dccd6f2073f7bbc",
            "subnet_id": "subnet-0a090441dce2f4753",
            "timeouts": null
          },
          "sensitive_attributes": [],
          "private": "eyJlMmJmYjczMC1lY2FhLTExZTYtOGY4OC0zNDM2M2JjN2M0YzAiOnsiY3JlYXRlIjozMDAwMDAwMDAwMDAsImRlbGV0ZSI6MzAwMDAwMDAwMDAwLCJ1cGRhdGUiOjEyMDAwMDAwMDAwMH19",
          "dependencies": [
            "aws_internet_gateway.gw",
            "aws_route_table.sample-rtb-public",
            "aws_subnet.sample-subnet-public01",
            "aws_vpc.sample-vpc"
          ]
        }
      ]
    },
    {
      "mode": "managed",
      "type": "aws_route_table_association",
      "name": "relate-public-route-table2",
      "provider": "provider[\"registry.terraform.io/hashicorp/aws\"]",
      "instances": [
        {
          "schema_version": 0,
          "attributes": {
            "gateway_id": "",
            "id": "rtbassoc-0e3fea17e4aff2a99",
            "route_table_id": "rtb-06dccd6f2073f7bbc",
            "subnet_id": "subnet-0b64c7ef3ac73e833",
            "timeouts": null
          },
          "sensitive_attributes": [],
          "private": "eyJlMmJmYjczMC1lY2FhLTExZTYtOGY4OC0zNDM2M2JjN2M0YzAiOnsiY3JlYXRlIjozMDAwMDAwMDAwMDAsImRlbGV0ZSI6MzAwMDAwMDAwMDAwLCJ1cGRhdGUiOjEyMDAwMDAwMDAwMH19",
          "dependencies": [
            "aws_internet_gateway.gw",
            "aws_route_table.sample-rtb-public",
            "aws_subnet.sample-subnet-public02",
            "aws_vpc.sample-vpc"
          ]
        }
      ]
    },
    {
      "mode": "managed",
      "type": "aws_security_group",
      "name": "sample-sg-bastion-terraform",
      "provider": "provider[\"registry.terraform.io/hashicorp/aws\"]",
      "instances": [
        {
          "schema_version": 1,
          "attributes": {
            "arn": "arn:aws:ec2:ap-northeast-1:190923163911:security-group/sg-086db85ef52a7f0a9",
            "description": "for bastion server",
            "egress": [],
            "id": "sg-086db85ef52a7f0a9",
            "ingress": [
              {
                "cidr_blocks": [
                  "0.0.0.0/0"
                ],
                "description": "",
                "from_port": 22,
                "ipv6_cidr_blocks": [],
                "prefix_list_ids": [],
                "protocol": "tcp",
                "security_groups": [],
                "self": false,
                "to_port": 22
              }
            ],
            "name": "sample-sg-bastion-terraform",
            "name_prefix": "",
            "owner_id": "190923163911",
            "revoke_rules_on_delete": false,
            "tags": null,
            "tags_all": {},
            "timeouts": null,
            "vpc_id": "vpc-075e4ef026a7cc18e"
          },
          "sensitive_attributes": [],
          "private": "eyJlMmJmYjczMC1lY2FhLTExZTYtOGY4OC0zNDM2M2JjN2M0YzAiOnsiY3JlYXRlIjo2MDAwMDAwMDAwMDAsImRlbGV0ZSI6OTAwMDAwMDAwMDAwfSwic2NoZW1hX3ZlcnNpb24iOiIxIn0=",
          "dependencies": [
            "aws_vpc.sample-vpc"
          ]
        }
      ]
    },
    {
      "mode": "managed",
      "type": "aws_security_group",
      "name": "sample-sg-elb-terraform",
      "provider": "provider[\"registry.terraform.io/hashicorp/aws\"]",
      "instances": [
        {
          "schema_version": 1,
          "attributes": {
            "arn": "arn:aws:ec2:ap-northeast-1:190923163911:security-group/sg-0c6b51695b2afa9bd",
            "description": "for load balancer",
            "egress": [],
            "id": "sg-0c6b51695b2afa9bd",
            "ingress": [
              {
                "cidr_blocks": [
                  "0.0.0.0/0"
                ],
                "description": "",
                "from_port": 443,
                "ipv6_cidr_blocks": [],
                "prefix_list_ids": [],
                "protocol": "tcp",
                "security_groups": [],
                "self": false,
                "to_port": 443
              },
              {
                "cidr_blocks": [
                  "0.0.0.0/0"
                ],
                "description": "",
                "from_port": 80,
                "ipv6_cidr_blocks": [],
                "prefix_list_ids": [],
                "protocol": "tcp",
                "security_groups": [],
                "self": false,
                "to_port": 80
              }
            ],
            "name": "sample-sg-elb-terraform",
            "name_prefix": "",
            "owner_id": "190923163911",
            "revoke_rules_on_delete": false,
            "tags": null,
            "tags_all": {},
            "timeouts": null,
            "vpc_id": "vpc-075e4ef026a7cc18e"
          },
          "sensitive_attributes": [],
          "private": "eyJlMmJmYjczMC1lY2FhLTExZTYtOGY4OC0zNDM2M2JjN2M0YzAiOnsiY3JlYXRlIjo2MDAwMDAwMDAwMDAsImRlbGV0ZSI6OTAwMDAwMDAwMDAwfSwic2NoZW1hX3ZlcnNpb24iOiIxIn0=",
          "dependencies": [
            "aws_vpc.sample-vpc"
          ]
        }
      ]
    },
    {
      "mode": "managed",
      "type": "aws_subnet",
      "name": "sample-subnet-private01",
      "provider": "provider[\"registry.terraform.io/hashicorp/aws\"]",
      "instances": [
        {
          "schema_version": 1,
          "attributes": {
            "arn": "arn:aws:ec2:ap-northeast-1:190923163911:subnet/subnet-0b0d87aa44868a029",
            "assign_ipv6_address_on_creation": false,
            "availability_zone": "ap-northeast-1a",
            "availability_zone_id": "apne1-az4",
            "cidr_block": "10.0.64.0/20",
            "customer_owned_ipv4_pool": "",
            "enable_dns64": false,
            "enable_lni_at_device_index": 0,
            "enable_resource_name_dns_a_record_on_launch": false,
            "enable_resource_name_dns_aaaa_record_on_launch": false,
            "id": "subnet-0b0d87aa44868a029",
            "ipv6_cidr_block": "",
            "ipv6_cidr_block_association_id": "",
            "ipv6_native": false,
            "map_customer_owned_ip_on_launch": false,
            "map_public_ip_on_launch": false,
            "outpost_arn": "",
            "owner_id": "190923163911",
            "private_dns_hostname_type_on_launch": "ip-name",
            "tags": {
              "Name": "sample-subnet-private01"
            },
            "tags_all": {
              "Name": "sample-subnet-private01"
            },
            "timeouts": null,
            "vpc_id": "vpc-075e4ef026a7cc18e"
          },
          "sensitive_attributes": [],
          "private": "eyJlMmJmYjczMC1lY2FhLTExZTYtOGY4OC0zNDM2M2JjN2M0YzAiOnsiY3JlYXRlIjo2MDAwMDAwMDAwMDAsImRlbGV0ZSI6MTIwMDAwMDAwMDAwMH0sInNjaGVtYV92ZXJzaW9uIjoiMSJ9",
          "dependencies": [
            "aws_vpc.sample-vpc"
          ]
        }
      ]
    },
    {
      "mode": "managed",
      "type": "aws_subnet",
      "name": "sample-subnet-private02",
      "provider": "provider[\"registry.terraform.io/hashicorp/aws\"]",
      "instances": [
        {
          "schema_version": 1,
          "attributes": {
            "arn": "arn:aws:ec2:ap-northeast-1:190923163911:subnet/subnet-0aaa93ff8e2ed1f34",
            "assign_ipv6_address_on_creation": false,
            "availability_zone": "ap-northeast-1c",
            "availability_zone_id": "apne1-az1",
            "cidr_block": "10.0.80.0/20",
            "customer_owned_ipv4_pool": "",
            "enable_dns64": false,
            "enable_lni_at_device_index": 0,
            "enable_resource_name_dns_a_record_on_launch": false,
            "enable_resource_name_dns_aaaa_record_on_launch": false,
            "id": "subnet-0aaa93ff8e2ed1f34",
            "ipv6_cidr_block": "",
            "ipv6_cidr_block_association_id": "",
            "ipv6_native": false,
            "map_customer_owned_ip_on_launch": false,
            "map_public_ip_on_launch": false,
            "outpost_arn": "",
            "owner_id": "190923163911",
            "private_dns_hostname_type_on_launch": "ip-name",
            "tags": {
              "Name": "sample-subnet-private02"
            },
            "tags_all": {
              "Name": "sample-subnet-private02"
            },
            "timeouts": null,
            "vpc_id": "vpc-075e4ef026a7cc18e"
          },
          "sensitive_attributes": [],
          "private": "eyJlMmJmYjczMC1lY2FhLTExZTYtOGY4OC0zNDM2M2JjN2M0YzAiOnsiY3JlYXRlIjo2MDAwMDAwMDAwMDAsImRlbGV0ZSI6MTIwMDAwMDAwMDAwMH0sInNjaGVtYV92ZXJzaW9uIjoiMSJ9",
          "dependencies": [
            "aws_vpc.sample-vpc"
          ]
        }
      ]
    },
    {
      "mode": "managed",
      "type": "aws_subnet",
      "name": "sample-subnet-public01",
      "provider": "provider[\"registry.terraform.io/hashicorp/aws\"]",
      "instances": [
        {
          "schema_version": 1,
          "attributes": {
            "arn": "arn:aws:ec2:ap-northeast-1:190923163911:subnet/subnet-0a090441dce2f4753",
            "assign_ipv6_address_on_creation": false,
            "availability_zone": "ap-northeast-1a",
            "availability_zone_id": "apne1-az4",
            "cidr_block": "10.0.0.0/20",
            "customer_owned_ipv4_pool": "",
            "enable_dns64": false,
            "enable_lni_at_device_index": 0,
            "enable_resource_name_dns_a_record_on_launch": false,
            "enable_resource_name_dns_aaaa_record_on_launch": false,
            "id": "subnet-0a090441dce2f4753",
            "ipv6_cidr_block": "",
            "ipv6_cidr_block_association_id": "",
            "ipv6_native": false,
            "map_customer_owned_ip_on_launch": false,
            "map_public_ip_on_launch": false,
            "outpost_arn": "",
            "owner_id": "190923163911",
            "private_dns_hostname_type_on_launch": "ip-name",
            "tags": {
              "Name": "sample-subnet-public01"
            },
            "tags_all": {
              "Name": "sample-subnet-public01"
            },
            "timeouts": null,
            "vpc_id": "vpc-075e4ef026a7cc18e"
          },
          "sensitive_attributes": [],
          "private": "eyJlMmJmYjczMC1lY2FhLTExZTYtOGY4OC0zNDM2M2JjN2M0YzAiOnsiY3JlYXRlIjo2MDAwMDAwMDAwMDAsImRlbGV0ZSI6MTIwMDAwMDAwMDAwMH0sInNjaGVtYV92ZXJzaW9uIjoiMSJ9",
          "dependencies": [
            "aws_vpc.sample-vpc"
          ]
        }
      ]
    },
    {
      "mode": "managed",
      "type": "aws_subnet",
      "name": "sample-subnet-public02",
      "provider": "provider[\"registry.terraform.io/hashicorp/aws\"]",
      "instances": [
        {
          "schema_version": 1,
          "attributes": {
            "arn": "arn:aws:ec2:ap-northeast-1:190923163911:subnet/subnet-0b64c7ef3ac73e833",
            "assign_ipv6_address_on_creation": false,
            "availability_zone": "ap-northeast-1c",
            "availability_zone_id": "apne1-az1",
            "cidr_block": "10.0.16.0/20",
            "customer_owned_ipv4_pool": "",
            "enable_dns64": false,
            "enable_lni_at_device_index": 0,
            "enable_resource_name_dns_a_record_on_launch": false,
            "enable_resource_name_dns_aaaa_record_on_launch": false,
            "id": "subnet-0b64c7ef3ac73e833",
            "ipv6_cidr_block": "",
            "ipv6_cidr_block_association_id": "",
            "ipv6_native": false,
            "map_customer_owned_ip_on_launch": false,
            "map_public_ip_on_launch": false,
            "outpost_arn": "",
            "owner_id": "190923163911",
            "private_dns_hostname_type_on_launch": "ip-name",
            "tags": {
              "Name": "sample-subnet-public02"
            },
            "tags_all": {
              "Name": "sample-subnet-public02"
            },
            "timeouts": null,
            "vpc_id": "vpc-075e4ef026a7cc18e"
          },
          "sensitive_attributes": [],
          "private": "eyJlMmJmYjczMC1lY2FhLTExZTYtOGY4OC0zNDM2M2JjN2M0YzAiOnsiY3JlYXRlIjo2MDAwMDAwMDAwMDAsImRlbGV0ZSI6MTIwMDAwMDAwMDAwMH0sInNjaGVtYV92ZXJzaW9uIjoiMSJ9",
          "dependencies": [
            "aws_vpc.sample-vpc"
          ]
        }
      ]
    },
    {
      "mode": "managed",
      "type": "aws_vpc",
      "name": "sample-vpc",
      "provider": "provider[\"registry.terraform.io/hashicorp/aws\"]",
      "instances": [
        {
          "schema_version": 1,
          "attributes": {
            "arn": "arn:aws:ec2:ap-northeast-1:190923163911:vpc/vpc-075e4ef026a7cc18e",
            "assign_generated_ipv6_cidr_block": false,
            "cidr_block": "10.0.0.0/16",
            "default_network_acl_id": "acl-0fa9568bae7b3fe41",
            "default_route_table_id": "rtb-0e83d43c0783f13d5",
            "default_security_group_id": "sg-0ace19d8369dbc6ba",
            "dhcp_options_id": "dopt-05f75a8d7ef0b10d8",
            "enable_dns_hostnames": false,
            "enable_dns_support": true,
            "enable_network_address_usage_metrics": false,
            "id": "vpc-075e4ef026a7cc18e",
            "instance_tenancy": "default",
            "ipv4_ipam_pool_id": null,
            "ipv4_netmask_length": null,
            "ipv6_association_id": "",
            "ipv6_cidr_block": "",
            "ipv6_cidr_block_network_border_group": "",
            "ipv6_ipam_pool_id": "",
            "ipv6_netmask_length": 0,
            "main_route_table_id": "rtb-0e83d43c0783f13d5",
            "owner_id": "190923163911",
            "tags": {
              "Name": "sample-vpc"
            },
            "tags_all": {
              "Name": "sample-vpc"
            }
          },
          "sensitive_attributes": [],
          "private": "eyJzY2hlbWFfdmVyc2lvbiI6IjEifQ=="
        }
      ]
    },
    {
      "mode": "managed",
      "type": "local_file",
      "name": "config_file",
      "provider": "provider[\"registry.terraform.io/hashicorp/local\"]",
      "instances": [
        {
          "schema_version": 0,
          "attributes": {
            "content": "Host bastion\n    Hostname 18.179.42.162\n    User ec2-user\n    IdentityFile ~/.ssh/hoge-key.pem\n\nHost web01\n    Hostname 10.0.77.205\n    User ec2-user\n    IdentityFile ~/.ssh/hoge-key.pem\n    ProxyCommand ssh.exe -W %h:%p bastion\n\nHost web02\n    Hostname 10.0.95.166\n    User ec2-user\n    IdentityFile ~/.ssh/hoge-key.pem\n    ProxyCommand ssh.exe -W %h:%p bastion\n",
            "content_base64": null,
            "content_base64sha256": "J5P9+PX9JXHS4U2pJQj5woLMgEWsDfTpehiCUlCBvnE=",
            "content_base64sha512": "qGI7M0ZPg27FZIhuInwC/ZgMGyE/2GV9B1SmyJ6BKo6Ft2ZFbnHuSrf/WtXwvZJqn84rfodqRRA4MaFS9LX5iA==",
            "content_md5": "8382782e7a151616cb13a5d5800266d9",
            "content_sha1": "886335db756fb455bab445ae27023ca5a3a070f3",
            "content_sha256": "2793fdf8f5fd2571d2e14da92508f9c282cc8045ac0df4e97a1882525081be71",
            "content_sha512": "a8623b33464f836ec564886e227c02fd980c1b213fd8657d0754a6c89e812a8e85b766456e71ee4ab7ff5ad5f0bd926a9fce2b7e876a45103831a152f4b5f988",
            "directory_permission": "0777",
            "file_permission": "0777",
            "filename": "/mnt/c/Users/tihou/.ssh/config",
            "id": "886335db756fb455bab445ae27023ca5a3a070f3",
            "sensitive_content": null,
            "source": null
          },
          "sensitive_attributes": [],
          "dependencies": [
            "aws_default_security_group.default",
            "aws_instance.sample-ec2-bastion",
            "aws_instance.sample-ec2-web01",
            "aws_instance.sample-ec2-web02",
            "aws_key_pair.key_pair",
            "aws_security_group.sample-sg-bastion-terraform",
            "aws_subnet.sample-subnet-private01",
            "aws_subnet.sample-subnet-private02",
            "aws_subnet.sample-subnet-public01",
            "aws_vpc.sample-vpc",
            "data.aws_ami.amzlinux2",
            "tls_private_key.keygen"
          ]
        }
      ]
    },
    {
      "mode": "managed",
      "type": "local_file",
      "name": "private_key_pem",
      "provider": "provider[\"registry.terraform.io/hashicorp/local\"]",
      "instances": [
        {
          "schema_version": 0,
          "attributes": {
            "content": "-----BEGIN RSA PRIVATE KEY-----\nMIIEogIBAAKCAQEAxsru0PHwbBAFeifiiCc31y7AzgkmVdEepGPhls6RyHlCbfYv\nYbm98WX+qGcGmrGLDZ9Dn7qJ76hpwLNPFhZsQukR6MVl9Mt4386cZ57q0xrD5xVd\nEa+U2ZoaohJMEdp/4bmKH5oD0lAuKpiOYDSEmZmakBQywbHxOStCjYqUY4agjYX2\nmU71wCdGyzkuIaBWh4WJmbCbcFWDZr16B3nVhmvujERp+ukAHFLAksAoNaal9vN7\naJRFmDh0t1Qg0tKpPS5qQGgF6xVMasQme4HnfIqiZsKSXh0Lg2vLw0GxTsVIfGlA\nzqDEfiT+UaVXomjU8ScvH8M7qb9xH7NFvdp1bQIDAQABAoIBACQxdmGcawWBtT2U\nXW4klcobvQbGK7CcLlQHy17FpU02pp2WoPHN+4Mj6sWGXHF1ubd1M761G8ACjZ6E\nBvYihvt3q8cRiYqUMSGuYFONX3un99ruzM8XhKZJpGe1pRvrCDV0rm0qgV+dMYqX\n0/Q4G5xLlxR8WPFjEGQ0OB3FCVdFLStADTanFU8HzBgGKavvwPOVISydrZm8nYVY\nKTCRbB23JfMTE/UkN5eawivPT+FczfZCXaD7ykfDv8KFev0MyZ8ypkC3cy9Uyq2N\n8PVK3mBuHoFBWg4PJf1D8p0TGhNMcqQqV5uH47IA05NGX3EF2I6h3NwOSbZfdUqN\nbp35FQECgYEA9dI55b/7ef985y0xSrESY84oDeZGwq3nXMg4Dv3Ki6IKywwxutvc\nYrby1HvcS4ORbiA1m17+TaKm+FlVPlwUwXIe3J/4z/iLqlN8xr4GecL9Ytcu/MUv\ndPCOu0A+gGndHgrbNPw51njy0CnNkoxtBC+azwQGCGrnOouLGVsM7VECgYEAzwYx\nBc5Vty4lzQqLU+d4TXMeu5lZUmDkQS5nlZa3V0xonLc7pAu8cYvFfp1Ad9fULmsz\n4SrEf6ZQL/Bgmc5eVLLakkZJibvJAsJjz+xB78GxqJ4VRcw479E2fbz9X51HeETS\nXQ2K56EIhh5cY4Wbfe4JbPCtBzSxWBdRFZIYj10CgYBo/K5Jl6L5yco4ma6Rreqi\nwauNtCnIf6lukPyQOohE9qIRclXS7o/DgUtYwMWnYru8AvmiMAIAelVBgDXN+lnK\n/Mh9hb0oZYiQ6DNEVmhBnKvHiQvCXR0Vnp/3DUskYRJVAGH60TaKiQF7Mj9gNaVh\nwksl2xwQgEfdUzfHToHI4QKBgB+zEACWlpNk8o7R5YGkeMxLK1KIaZ/ujCTa6SuD\nl3E7lu0gNXaqAWHViBkaFQwEtU2iRqBcvxfYrICaqwACFHmdpVAuiQYZBe9xOn1U\n7Me8feqWwiUc3z8BZvmb3aQtXgsxZpCvCSzsgHSg436tr6B5uWG//I6U5+7YKydF\nZpNVAoGAEbg1+Z9CzIys1sk7FEGFqGMV/l9mVg3uknc2x3i1THuss1Tqh9yvcwHO\ntosaBJURq1aTt/xCFZoiYJIQ6ofINDWXK5GWUWumYyfvNBNzuXbDaurRM8LNp0xz\nFF4JxQHrZk6Y8D71qx9/KoDhfGDvDbyUs6YMe5QgBATwsIEo/4w=\n-----END RSA PRIVATE KEY-----\n",
            "content_base64": null,
            "content_base64sha256": "ux3ML59OpVHjFLFeRBz/aNTTKPEFAyTiSDLgWfQZMWo=",
            "content_base64sha512": "4TBwR2Rrc4AuZZ0eWHveykZbTy50x5lr7J7a37JucIDBVhXO1O4R1dkvjmhKkh++6muPmJ5UOLdphEuToDpOjw==",
            "content_md5": "d2ff4bc6447328fef7bf71f604ea9974",
            "content_sha1": "c14fcd18d42b470d664e060d7735ebd66e5c9996",
            "content_sha256": "bb1dcc2f9f4ea551e314b15e441cff68d4d328f1050324e24832e059f419316a",
            "content_sha512": "e1307047646b73802e659d1e587bdeca465b4f2e74c7996bec9edadfb26e7080c15615ced4ee11d5d92f8e684a921fbeea6b8f989e5438b769844b93a03a4e8f",
            "directory_permission": "0777",
            "file_permission": "0777",
            "filename": "./.key_pair/hoge-key.id_rsa",
            "id": "c14fcd18d42b470d664e060d7735ebd66e5c9996",
            "sensitive_content": null,
            "source": null
          },
          "sensitive_attributes": [
            [
              {
                "type": "get_attr",
                "value": "content"
              }
            ]
          ],
          "dependencies": [
            "tls_private_key.keygen"
          ]
        }
      ]
    },
    {
      "mode": "managed",
      "type": "local_file",
      "name": "public_key_openssh",
      "provider": "provider[\"registry.terraform.io/hashicorp/local\"]",
      "instances": [
        {
          "schema_version": 0,
          "attributes": {
            "content": "ssh-rsa AAAAB3NzaC1yc2EAAAADAQABAAABAQDGyu7Q8fBsEAV6J+KIJzfXLsDOCSZV0R6kY+GWzpHIeUJt9i9hub3xZf6oZwaasYsNn0OfuonvqGnAs08WFmxC6RHoxWX0y3jfzpxnnurTGsPnFV0Rr5TZmhqiEkwR2n/huYofmgPSUC4qmI5gNISZmZqQFDLBsfE5K0KNipRjhqCNhfaZTvXAJ0bLOS4hoFaHhYmZsJtwVYNmvXoHedWGa+6MRGn66QAcUsCSwCg1pqX283tolEWYOHS3VCDS0qk9LmpAaAXrFUxqxCZ7ged8iqJmwpJeHQuDa8vDQbFOxUh8aUDOoMR+JP5RpVeiaNTxJy8fwzupv3Efs0W92nVt\n",
            "content_base64": null,
            "content_base64sha256": "+Uy8FBpGdenjvxBl5YuJ9xWL84rTV78+ALvaWKnTRZA=",
            "content_base64sha512": "GNxFLOtCePVEAFG/Pk26C1abPeiCkKfRxKSKo3r3CLNQAtWP/x85VebomiY3w9+Wn+Lo7k5+jFPkFJLRaiKMNQ==",
            "content_md5": "73d39bb8d2a5c2bb810adac751c0cf2f",
            "content_sha1": "82b860ca50a115c38fd532eab45a3a3dcfe3992d",
            "content_sha256": "f94cbc141a4675e9e3bf1065e58b89f7158bf38ad357bf3e00bbda58a9d34590",
            "content_sha512": "18dc452ceb4278f5440051bf3e4dba0b569b3de88290a7d1c4a48aa37af708b35002d58fff1f3955e6e89a2637c3df969fe2e8ee4e7e8c53e41492d16a228c35",
            "directory_permission": "0777",
            "file_permission": "0777",
            "filename": "./.key_pair/hoge-key.id_rsa.pub",
            "id": "82b860ca50a115c38fd532eab45a3a3dcfe3992d",
            "sensitive_content": null,
            "source": null
          },
          "sensitive_attributes": [],
          "dependencies": [
            "tls_private_key.keygen"
          ]
        }
      ]
    },
    {
      "mode": "managed",
      "type": "tls_private_key",
      "name": "keygen",
      "provider": "provider[\"registry.terraform.io/hashicorp/tls\"]",
      "instances": [
        {
          "schema_version": 1,
          "attributes": {
            "algorithm": "RSA",
            "ecdsa_curve": "P224",
            "id": "7d7729677b530f871fc7e853bd9cbcc0a9865f28",
            "private_key_openssh": "-----BEGIN OPENSSH PRIVATE KEY-----\nb3BlbnNzaC1rZXktdjEAAAAABG5vbmUAAAAEbm9uZQAAAAAAAAABAAABFwAAAAdz\nc2gtcnNhAAAAAwEAAQAAAQEAxsru0PHwbBAFeifiiCc31y7AzgkmVdEepGPhls6R\nyHlCbfYvYbm98WX+qGcGmrGLDZ9Dn7qJ76hpwLNPFhZsQukR6MVl9Mt4386cZ57q\n0xrD5xVdEa+U2ZoaohJMEdp/4bmKH5oD0lAuKpiOYDSEmZmakBQywbHxOStCjYqU\nY4agjYX2mU71wCdGyzkuIaBWh4WJmbCbcFWDZr16B3nVhmvujERp+ukAHFLAksAo\nNaal9vN7aJRFmDh0t1Qg0tKpPS5qQGgF6xVMasQme4HnfIqiZsKSXh0Lg2vLw0Gx\nTsVIfGlAzqDEfiT+UaVXomjU8ScvH8M7qb9xH7NFvdp1bQAAA7iMQxEejEMRHgAA\nAAdzc2gtcnNhAAABAQDGyu7Q8fBsEAV6J+KIJzfXLsDOCSZV0R6kY+GWzpHIeUJt\n9i9hub3xZf6oZwaasYsNn0OfuonvqGnAs08WFmxC6RHoxWX0y3jfzpxnnurTGsPn\nFV0Rr5TZmhqiEkwR2n/huYofmgPSUC4qmI5gNISZmZqQFDLBsfE5K0KNipRjhqCN\nhfaZTvXAJ0bLOS4hoFaHhYmZsJtwVYNmvXoHedWGa+6MRGn66QAcUsCSwCg1pqX2\n83tolEWYOHS3VCDS0qk9LmpAaAXrFUxqxCZ7ged8iqJmwpJeHQuDa8vDQbFOxUh8\naUDOoMR+JP5RpVeiaNTxJy8fwzupv3Efs0W92nVtAAAAAwEAAQAAAQAkMXZhnGsF\ngbU9lF1uJJXKG70GxiuwnC5UB8texaVNNqadlqDxzfuDI+rFhlxxdbm3dTO+tRvA\nAo2ehAb2Iob7d6vHEYmKlDEhrmBTjV97p/fa7szPF4SmSaRntaUb6wg1dK5tKoFf\nnTGKl9P0OBucS5cUfFjxYxBkNDgdxQlXRS0rQA02pxVPB8wYBimr78DzlSEsna2Z\nvJ2FWCkwkWwdtyXzExP1JDeXmsIrz0/hXM32Ql2g+8pHw7/ChXr9DMmfMqZAt3Mv\nVMqtjfD1St5gbh6BQVoODyX9Q/KdExoTTHKkKlebh+OyANOTRl9xBdiOodzcDkm2\nX3VKjW6d+RUBAAAAgBG4NfmfQsyMrNbJOxRBhahjFf5fZlYN7pJ3Nsd4tUx7rLNU\n6ofcr3MBzraLGgSVEatWk7f8QhWaImCSEOqHyDQ1lyuRllFrpmMn7zQTc7l2w2rq\n0TPCzadMcxReCcUB62ZOmPA+9asffyqA4Xxg7w28lLOmDHuUIAQE8LCBKP+MAAAA\ngQD10jnlv/t5/3znLTFKsRJjzigN5kbCredcyDgO/cqLogrLDDG629xitvLUe9xL\ng5FuIDWbXv5Noqb4WVU+XBTBch7cn/jP+IuqU3zGvgZ5wv1i1y78xS908I67QD6A\nad0eCts0/DnWePLQKc2SjG0EL5rPBAYIauc6i4sZWwztUQAAAIEAzwYxBc5Vty4l\nzQqLU+d4TXMeu5lZUmDkQS5nlZa3V0xonLc7pAu8cYvFfp1Ad9fULmsz4SrEf6ZQ\nL/Bgmc5eVLLakkZJibvJAsJjz+xB78GxqJ4VRcw479E2fbz9X51HeETSXQ2K56EI\nhh5cY4Wbfe4JbPCtBzSxWBdRFZIYj10AAAAAAQID\n-----END OPENSSH PRIVATE KEY-----\n",
            "private_key_pem": "-----BEGIN RSA PRIVATE KEY-----\nMIIEogIBAAKCAQEAxsru0PHwbBAFeifiiCc31y7AzgkmVdEepGPhls6RyHlCbfYv\nYbm98WX+qGcGmrGLDZ9Dn7qJ76hpwLNPFhZsQukR6MVl9Mt4386cZ57q0xrD5xVd\nEa+U2ZoaohJMEdp/4bmKH5oD0lAuKpiOYDSEmZmakBQywbHxOStCjYqUY4agjYX2\nmU71wCdGyzkuIaBWh4WJmbCbcFWDZr16B3nVhmvujERp+ukAHFLAksAoNaal9vN7\naJRFmDh0t1Qg0tKpPS5qQGgF6xVMasQme4HnfIqiZsKSXh0Lg2vLw0GxTsVIfGlA\nzqDEfiT+UaVXomjU8ScvH8M7qb9xH7NFvdp1bQIDAQABAoIBACQxdmGcawWBtT2U\nXW4klcobvQbGK7CcLlQHy17FpU02pp2WoPHN+4Mj6sWGXHF1ubd1M761G8ACjZ6E\nBvYihvt3q8cRiYqUMSGuYFONX3un99ruzM8XhKZJpGe1pRvrCDV0rm0qgV+dMYqX\n0/Q4G5xLlxR8WPFjEGQ0OB3FCVdFLStADTanFU8HzBgGKavvwPOVISydrZm8nYVY\nKTCRbB23JfMTE/UkN5eawivPT+FczfZCXaD7ykfDv8KFev0MyZ8ypkC3cy9Uyq2N\n8PVK3mBuHoFBWg4PJf1D8p0TGhNMcqQqV5uH47IA05NGX3EF2I6h3NwOSbZfdUqN\nbp35FQECgYEA9dI55b/7ef985y0xSrESY84oDeZGwq3nXMg4Dv3Ki6IKywwxutvc\nYrby1HvcS4ORbiA1m17+TaKm+FlVPlwUwXIe3J/4z/iLqlN8xr4GecL9Ytcu/MUv\ndPCOu0A+gGndHgrbNPw51njy0CnNkoxtBC+azwQGCGrnOouLGVsM7VECgYEAzwYx\nBc5Vty4lzQqLU+d4TXMeu5lZUmDkQS5nlZa3V0xonLc7pAu8cYvFfp1Ad9fULmsz\n4SrEf6ZQL/Bgmc5eVLLakkZJibvJAsJjz+xB78GxqJ4VRcw479E2fbz9X51HeETS\nXQ2K56EIhh5cY4Wbfe4JbPCtBzSxWBdRFZIYj10CgYBo/K5Jl6L5yco4ma6Rreqi\nwauNtCnIf6lukPyQOohE9qIRclXS7o/DgUtYwMWnYru8AvmiMAIAelVBgDXN+lnK\n/Mh9hb0oZYiQ6DNEVmhBnKvHiQvCXR0Vnp/3DUskYRJVAGH60TaKiQF7Mj9gNaVh\nwksl2xwQgEfdUzfHToHI4QKBgB+zEACWlpNk8o7R5YGkeMxLK1KIaZ/ujCTa6SuD\nl3E7lu0gNXaqAWHViBkaFQwEtU2iRqBcvxfYrICaqwACFHmdpVAuiQYZBe9xOn1U\n7Me8feqWwiUc3z8BZvmb3aQtXgsxZpCvCSzsgHSg436tr6B5uWG//I6U5+7YKydF\nZpNVAoGAEbg1+Z9CzIys1sk7FEGFqGMV/l9mVg3uknc2x3i1THuss1Tqh9yvcwHO\ntosaBJURq1aTt/xCFZoiYJIQ6ofINDWXK5GWUWumYyfvNBNzuXbDaurRM8LNp0xz\nFF4JxQHrZk6Y8D71qx9/KoDhfGDvDbyUs6YMe5QgBATwsIEo/4w=\n-----END RSA PRIVATE KEY-----\n",
            "private_key_pem_pkcs8": "-----BEGIN PRIVATE KEY-----\nMIIEvAIBADANBgkqhkiG9w0BAQEFAASCBKYwggSiAgEAAoIBAQDGyu7Q8fBsEAV6\nJ+KIJzfXLsDOCSZV0R6kY+GWzpHIeUJt9i9hub3xZf6oZwaasYsNn0OfuonvqGnA\ns08WFmxC6RHoxWX0y3jfzpxnnurTGsPnFV0Rr5TZmhqiEkwR2n/huYofmgPSUC4q\nmI5gNISZmZqQFDLBsfE5K0KNipRjhqCNhfaZTvXAJ0bLOS4hoFaHhYmZsJtwVYNm\nvXoHedWGa+6MRGn66QAcUsCSwCg1pqX283tolEWYOHS3VCDS0qk9LmpAaAXrFUxq\nxCZ7ged8iqJmwpJeHQuDa8vDQbFOxUh8aUDOoMR+JP5RpVeiaNTxJy8fwzupv3Ef\ns0W92nVtAgMBAAECggEAJDF2YZxrBYG1PZRdbiSVyhu9BsYrsJwuVAfLXsWlTTam\nnZag8c37gyPqxYZccXW5t3UzvrUbwAKNnoQG9iKG+3erxxGJipQxIa5gU41fe6f3\n2u7MzxeEpkmkZ7WlG+sINXSubSqBX50xipfT9DgbnEuXFHxY8WMQZDQ4HcUJV0Ut\nK0ANNqcVTwfMGAYpq+/A85UhLJ2tmbydhVgpMJFsHbcl8xMT9SQ3l5rCK89P4VzN\n9kJdoPvKR8O/woV6/QzJnzKmQLdzL1TKrY3w9UreYG4egUFaDg8l/UPynRMaE0xy\npCpXm4fjsgDTk0ZfcQXYjqHc3A5Jtl91So1unfkVAQKBgQD10jnlv/t5/3znLTFK\nsRJjzigN5kbCredcyDgO/cqLogrLDDG629xitvLUe9xLg5FuIDWbXv5Noqb4WVU+\nXBTBch7cn/jP+IuqU3zGvgZ5wv1i1y78xS908I67QD6Aad0eCts0/DnWePLQKc2S\njG0EL5rPBAYIauc6i4sZWwztUQKBgQDPBjEFzlW3LiXNCotT53hNcx67mVlSYORB\nLmeVlrdXTGictzukC7xxi8V+nUB319QuazPhKsR/plAv8GCZzl5UstqSRkmJu8kC\nwmPP7EHvwbGonhVFzDjv0TZ9vP1fnUd4RNJdDYrnoQiGHlxjhZt97gls8K0HNLFY\nF1EVkhiPXQKBgGj8rkmXovnJyjiZrpGt6qLBq420Kch/qW6Q/JA6iET2ohFyVdLu\nj8OBS1jAxadiu7wC+aIwAgB6VUGANc36Wcr8yH2FvShliJDoM0RWaEGcq8eJC8Jd\nHRWen/cNSyRhElUAYfrRNoqJAXsyP2A1pWHCSyXbHBCAR91TN8dOgcjhAoGAH7MQ\nAJaWk2TyjtHlgaR4zEsrUohpn+6MJNrpK4OXcTuW7SA1dqoBYdWIGRoVDAS1TaJG\noFy/F9isgJqrAAIUeZ2lUC6JBhkF73E6fVTsx7x96pbCJRzfPwFm+ZvdpC1eCzFm\nkK8JLOyAdKDjfq2voHm5Yb/8jpTn7tgrJ0Vmk1UCgYARuDX5n0LMjKzWyTsUQYWo\nYxX+X2ZWDe6SdzbHeLVMe6yzVOqH3K9zAc62ixoElRGrVpO3/EIVmiJgkhDqh8g0\nNZcrkZZRa6ZjJ+80E3O5dsNq6tEzws2nTHMUXgnFAetmTpjwPvWrH38qgOF8YO8N\nvJSzpgx7lCAEBPCwgSj/jA==\n-----END PRIVATE KEY-----\n",
            "public_key_fingerprint_md5": "10:7d:1d:0b:94:ec:2c:a6:ef:9f:25:dc:1e:8a:a5:f7",
            "public_key_fingerprint_sha256": "SHA256:BWG1CfCLq9A7W2Wf8n9zcCvRoP6hlpdHVa3SmbaNVqs",
            "public_key_openssh": "ssh-rsa AAAAB3NzaC1yc2EAAAADAQABAAABAQDGyu7Q8fBsEAV6J+KIJzfXLsDOCSZV0R6kY+GWzpHIeUJt9i9hub3xZf6oZwaasYsNn0OfuonvqGnAs08WFmxC6RHoxWX0y3jfzpxnnurTGsPnFV0Rr5TZmhqiEkwR2n/huYofmgPSUC4qmI5gNISZmZqQFDLBsfE5K0KNipRjhqCNhfaZTvXAJ0bLOS4hoFaHhYmZsJtwVYNmvXoHedWGa+6MRGn66QAcUsCSwCg1pqX283tolEWYOHS3VCDS0qk9LmpAaAXrFUxqxCZ7ged8iqJmwpJeHQuDa8vDQbFOxUh8aUDOoMR+JP5RpVeiaNTxJy8fwzupv3Efs0W92nVt\n",
            "public_key_pem": "-----BEGIN PUBLIC KEY-----\nMIIBIjANBgkqhkiG9w0BAQEFAAOCAQ8AMIIBCgKCAQEAxsru0PHwbBAFeifiiCc3\n1y7AzgkmVdEepGPhls6RyHlCbfYvYbm98WX+qGcGmrGLDZ9Dn7qJ76hpwLNPFhZs\nQukR6MVl9Mt4386cZ57q0xrD5xVdEa+U2ZoaohJMEdp/4bmKH5oD0lAuKpiOYDSE\nmZmakBQywbHxOStCjYqUY4agjYX2mU71wCdGyzkuIaBWh4WJmbCbcFWDZr16B3nV\nhmvujERp+ukAHFLAksAoNaal9vN7aJRFmDh0t1Qg0tKpPS5qQGgF6xVMasQme4Hn\nfIqiZsKSXh0Lg2vLw0GxTsVIfGlAzqDEfiT+UaVXomjU8ScvH8M7qb9xH7NFvdp1\nbQIDAQAB\n-----END PUBLIC KEY-----\n",
            "rsa_bits": 2048
          },
          "sensitive_attributes": []
        }
      ]
    },
    {
      "module": "module.iam",
      "mode": "managed",
      "type": "aws_iam_group",
      "name": "my_developers",
      "provider": "provider[\"registry.terraform.io/hashicorp/aws\"]",
      "instances": [
        {
          "schema_version": 0,
          "attributes": {
            "arn": "arn:aws:iam::190923163911:group/developers",
            "id": "developers",
            "name": "developers",
            "path": "/",
            "unique_id": "AGPASY47IJEDSSCJLZE6C"
          },
          "sensitive_attributes": [],
          "private": "bnVsbA=="
        }
      ]
    },
    {
      "module": "module.iam",
      "mode": "managed",
      "type": "aws_iam_group_policy",
      "name": "my_developer_policy",
      "provider": "provider[\"registry.terraform.io/hashicorp/aws\"]",
      "instances": [
        {
          "schema_version": 0,
          "attributes": {
            "group": "developers",
            "id": "developers:my_developer_policy",
            "name": "my_developer_policy",
            "name_prefix": null,
            "policy": "{\"Version\":\"2012-10-17\",\"Statement\":[{\"Effect\":\"Allow\",\"NotAction\":[\"iam:*\",\"organizations:*\",\"account:*\"],\"Resource\":\"*\"},{\"Action\":[\"iam:CreateServiceLinkedRole\",\"iam:DeleteServiceLinkedRole\",\"iam:ListRoles\",\"organizations:DescribeOrganization\",\"account:ListRegions\",\"account:GetAccountInformation\"],\"Effect\":\"Allow\",\"Resource\":\"*\"}]}"
          },
          "sensitive_attributes": [],
          "private": "bnVsbA==",
          "dependencies": [
            "module.iam.aws_iam_group.my_developers"
          ]
        }
      ]
    },
    {
      "module": "module.iam",
      "mode": "managed",
      "type": "aws_iam_user",
      "name": "lb",
      "provider": "provider[\"registry.terraform.io/hashicorp/aws\"]",
      "instances": [
        {
          "schema_version": 0,
          "attributes": {
            "arn": "arn:aws:iam::190923163911:user/test-user",
            "force_destroy": false,
            "id": "test-user",
            "name": "test-user",
            "path": "/",
            "permissions_boundary": null,
            "tags": {
              "tag-key": "tag-value"
            },
            "tags_all": {
              "tag-key": "tag-value"
            },
            "unique_id": "AIDASY47IJED3O7OOEG2K"
          },
          "sensitive_attributes": [],
          "private": "bnVsbA=="
        }
      ]
    },
    {
      "module": "module.iam",
      "mode": "managed",
      "type": "aws_iam_user_group_membership",
      "name": "developers",
      "provider": "provider[\"registry.terraform.io/hashicorp/aws\"]",
      "instances": [
        {
          "schema_version": 0,
          "attributes": {
            "groups": [
              "developers"
            ],
            "id": "terraform-20231010134234882800000001",
            "user": "test-user"
          },
          "sensitive_attributes": [],
          "private": "bnVsbA==",
          "dependencies": [
            "module.iam.aws_iam_group.my_developers",
            "module.iam.aws_iam_user.lb"
          ]
        }
      ]
    }
  ],
  "check_results": null
}
